
Microsoft Visual Studio Solution File, Format Version 12.00
# Visual Studio 15
VisualStudioVersion = 15.0.27130.2027
MinimumVisualStudioVersion = 10.0.40219.1
Project("{9A19103F-16F7-4668-BE54-9A1E7A4F7556}") = "APIManagement", "APIManagement\APIManagement.csproj", "{EC47DD72-EE1E-459A-BAF1-A4C715D0F36D}"
EndProject
Project("{FAE04EC0-301F-11D3-BF4B-00C04F79EFBC}") = "APIManagement.Azure", "APIManagement.Azure\APIManagement.Azure.csproj", "{C539C712-4B0F-49C5-8465-38B7D3EAAF01}"
EndProject
Project("{FAE04EC0-301F-11D3-BF4B-00C04F79EFBC}") = "APIManagement.Contract", "APIManagement.Contract\APIManagement.Contract.csproj", "{7A1003D2-5F06-4B46-A371-27F82582FAC4}"
EndProject
Global
	GlobalSection(SolutionConfigurationPlatforms) = preSolution
		Debug|Any CPU = Debug|Any CPU
		Release|Any CPU = Release|Any CPU
	EndGlobalSection
	GlobalSection(ProjectConfigurationPlatforms) = postSolution
		{EC47DD72-EE1E-459A-BAF1-A4C715D0F36D}.Debug|Any CPU.ActiveCfg = Debug|Any CPU
		{EC47DD72-EE1E-459A-BAF1-A4C715D0F36D}.Debug|Any CPU.Build.0 = Debug|Any CPU
		{EC47DD72-EE1E-459A-BAF1-A4C715D0F36D}.Release|Any CPU.ActiveCfg = Release|Any CPU
		{EC47DD72-EE1E-459A-BAF1-A4C715D0F36D}.Release|Any CPU.Build.0 = Release|Any CPU
		{C539C712-4B0F-49C5-8465-38B7D3EAAF01}.Debug|Any CPU.ActiveCfg = Debug|Any CPU
		{C539C712-4B0F-49C5-8465-38B7D3EAAF01}.Debug|Any CPU.Build.0 = Debug|Any CPU
		{C539C712-4B0F-49C5-8465-38B7D3EAAF01}.Release|Any CPU.ActiveCfg = Release|Any CPU
		{C539C712-4B0F-49C5-8465-38B7D3EAAF01}.Release|Any CPU.Build.0 = Release|Any CPU
		{7A1003D2-5F06-4B46-A371-27F82582FAC4}.Debug|Any CPU.ActiveCfg = Debug|Any CPU
		{7A1003D2-5F06-4B46-A371-27F82582FAC4}.Debug|Any CPU.Build.0 = Debug|Any CPU
		{7A1003D2-5F06-4B46-A371-27F82582FAC4}.Release|Any CPU.ActiveCfg = Release|Any CPU
		{7A1003D2-5F06-4B46-A371-27F82582FAC4}.Release|Any CPU.Build.0 = Release|Any CPU
	EndGlobalSection
	GlobalSection(SolutionProperties) = preSolution
		HideSolutionNode = FALSE
	EndGlobalSection
	GlobalSection(ExtensibilityGlobals) = postSolution
		SolutionGuid = {8AEF8607-8D8C-41C2-8D7F-73F9242AB8F4}
	EndGlobalSection
EndGlobal
