
Microsoft Visual Studio Solution File, Format Version 12.00
# Visual Studio 15
VisualStudioVersion = 15.0.27130.2027
MinimumVisualStudioVersion = 10.0.40219.1
Project("{FAE04EC0-301F-11D3-BF4B-00C04F79EFBC}") = "SumOfNConsecutiveAraay", "SumOfNConsecutiveAraay\SumOfNConsecutiveAraay.csproj", "{81D6BB47-6989-451E-AA8B-14368EF1904B}"
EndProject
Global
	GlobalSection(SolutionConfigurationPlatforms) = preSolution
		Debug|Any CPU = Debug|Any CPU
		Release|Any CPU = Release|Any CPU
	EndGlobalSection
	GlobalSection(ProjectConfigurationPlatforms) = postSolution
		{81D6BB47-6989-451E-AA8B-14368EF1904B}.Debug|Any CPU.ActiveCfg = Debug|Any CPU
		{81D6BB47-6989-451E-AA8B-14368EF1904B}.Debug|Any CPU.Build.0 = Debug|Any CPU
		{81D6BB47-6989-451E-AA8B-14368EF1904B}.Release|Any CPU.ActiveCfg = Release|Any CPU
		{81D6BB47-6989-451E-AA8B-14368EF1904B}.Release|Any CPU.Build.0 = Release|Any CPU
	EndGlobalSection
	GlobalSection(SolutionProperties) = preSolution
		HideSolutionNode = FALSE
	EndGlobalSection
	GlobalSection(ExtensibilityGlobals) = postSolution
		SolutionGuid = {2993C094-CE4E-49F8-87C6-1B40337F22C6}
	EndGlobalSection
EndGlobal
